
Microsoft Visual Studio Solution File, Format Version 12.00
# Visual Studio Version 16
VisualStudioVersion = 16.0.33328.57
MinimumVisualStudioVersion = 10.0.40219.1
Project("{FAE04EC0-301F-11D3-BF4B-00C04F79EFBC}") = "Lab02_MVC_Chambilla_B", "Lab02_MVC_Chambilla_B\Lab02_MVC_Chambilla_B.csproj", "{66D63398-A5EE-43C1-A719-0C308BEBF409}"
EndProject
Global
	GlobalSection(SolutionConfigurationPlatforms) = preSolution
		Debug|Any CPU = Debug|Any CPU
		Release|Any CPU = Release|Any CPU
	EndGlobalSection
	GlobalSection(ProjectConfigurationPlatforms) = postSolution
		{66D63398-A5EE-43C1-A719-0C308BEBF409}.Debug|Any CPU.ActiveCfg = Debug|Any CPU
		{66D63398-A5EE-43C1-A719-0C308BEBF409}.Debug|Any CPU.Build.0 = Debug|Any CPU
		{66D63398-A5EE-43C1-A719-0C308BEBF409}.Release|Any CPU.ActiveCfg = Release|Any CPU
		{66D63398-A5EE-43C1-A719-0C308BEBF409}.Release|Any CPU.Build.0 = Release|Any CPU
	EndGlobalSection
	GlobalSection(SolutionProperties) = preSolution
		HideSolutionNode = FALSE
	EndGlobalSection
	GlobalSection(ExtensibilityGlobals) = postSolution
		SolutionGuid = {D7849DDD-C54A-43F8-A819-49C80B1B6659}
	EndGlobalSection
EndGlobal
